
Microsoft Visual Studio Solution File, Format Version 12.00
# Visual Studio Version 17
VisualStudioVersion = 17.14.36203.30 d17.14
MinimumVisualStudioVersion = 10.0.40219.1
Project("{FAE04EC0-301F-11D3-BF4B-00C04F79EFBC}") = "WpfApp1", "WpfApp1.csproj", "{C6F96ADB-1D51-418B-AED2-487D992E7A07}"
EndProject
Global
	GlobalSection(SolutionConfigurationPlatforms) = preSolution
		Debug|Any CPU = Debug|Any CPU
		Release|Any CPU = Release|Any CPU
	EndGlobalSection
	GlobalSection(ProjectConfigurationPlatforms) = postSolution
		{C6F96ADB-1D51-418B-AED2-487D992E7A07}.Debug|Any CPU.ActiveCfg = Debug|Any CPU
		{C6F96ADB-1D51-418B-AED2-487D992E7A07}.Debug|Any CPU.Build.0 = Debug|Any CPU
		{C6F96ADB-1D51-418B-AED2-487D992E7A07}.Release|Any CPU.ActiveCfg = Release|Any CPU
		{C6F96ADB-1D51-418B-AED2-487D992E7A07}.Release|Any CPU.Build.0 = Release|Any CPU
	EndGlobalSection
	GlobalSection(SolutionProperties) = preSolution
		HideSolutionNode = FALSE
	EndGlobalSection
	GlobalSection(ExtensibilityGlobals) = postSolution
		SolutionGuid = {3E1345D4-963D-436B-8822-9099287D60A5}
	EndGlobalSection
EndGlobal
